// !$*UTF8*$!
{
	archiveVersion = 1;
	classes = {
	};
	objectVersion = 46;
	objects = {

/* Begin PBXBuildFile section */
		274299681B44C4120017795E /* AppDelegate.swift in Sources */ = {isa = PBXBuildFile; fileRef = 274299671B44C4120017795E /* AppDelegate.swift */; };
		2742996A1B44C4120017795E /* ViewController.swift in Sources */ = {isa = PBXBuildFile; fileRef = 274299691B44C4120017795E /* ViewController.swift */; };
		2742996D1B44C4120017795E /* Main.storyboard in Resources */ = {isa = PBXBuildFile; fileRef = 2742996B1B44C4120017795E /* Main.storyboard */; };
		2742996F1B44C4120017795E /* Images.xcassets in Resources */ = {isa = PBXBuildFile; fileRef = 2742996E1B44C4120017795E /* Images.xcassets */; };
		274299721B44C4120017795E /* LaunchScreen.xib in Resources */ = {isa = PBXBuildFile; fileRef = 274299701B44C4120017795E /* LaunchScreen.xib */; };
		2742997E1B44C4120017795E /* DjedTests.swift in Sources */ = {isa = PBXBuildFile; fileRef = 2742997D1B44C4120017795E /* DjedTests.swift */; };
		274299A21B44D0F00017795E /* MKButton.swift in Sources */ = {isa = PBXBuildFile; fileRef = 2742999B1B44D0F00017795E /* MKButton.swift */; };
		274299A31B44D0F00017795E /* MKColor.swift in Sources */ = {isa = PBXBuildFile; fileRef = 2742999C1B44D0F00017795E /* MKColor.swift */; };
		274299A41B44D0F00017795E /* MKImageView.swift in Sources */ = {isa = PBXBuildFile; fileRef = 2742999D1B44D0F00017795E /* MKImageView.swift */; };
		274299A51B44D0F00017795E /* MKLabel.swift in Sources */ = {isa = PBXBuildFile; fileRef = 2742999E1B44D0F00017795E /* MKLabel.swift */; };
		274299A61B44D0F00017795E /* MKLayer.swift in Sources */ = {isa = PBXBuildFile; fileRef = 2742999F1B44D0F00017795E /* MKLayer.swift */; };
		274299A71B44D0F00017795E /* MKTableViewCell.swift in Sources */ = {isa = PBXBuildFile; fileRef = 274299A01B44D0F00017795E /* MKTableViewCell.swift */; };
		274299A81B44D0F00017795E /* MKTextField.swift in Sources */ = {isa = PBXBuildFile; fileRef = 274299A11B44D0F00017795E /* MKTextField.swift */; };
		274299AA1B44D3AE0017795E /* KKFloatingActionButton.swift in Sources */ = {isa = PBXBuildFile; fileRef = 274299A91B44D3AE0017795E /* KKFloatingActionButton.swift */; };
		274299AD1B44F1230017795E /* FloatingTableViewCell.xib in Resources */ = {isa = PBXBuildFile; fileRef = 274299AC1B44F1230017795E /* FloatingTableViewCell.xib */; };
		274299AF1B44FDC20017795E /* FloatTableViewCell.swift in Sources */ = {isa = PBXBuildFile; fileRef = 274299AE1B44FDC20017795E /* FloatTableViewCell.swift */; };
		274299CF1B45CDEF0017795E /* AsyncButton.swift in Sources */ = {isa = PBXBuildFile; fileRef = 274299B11B45CDEE0017795E /* AsyncButton.swift */; };
		274299D01B45CDEF0017795E /* AsyncImageView.swift in Sources */ = {isa = PBXBuildFile; fileRef = 274299B21B45CDEE0017795E /* AsyncImageView.swift */; };
		274299D11B45CDEF0017795E /* AutoTextView.swift in Sources */ = {isa = PBXBuildFile; fileRef = 274299B31B45CDEE0017795E /* AutoTextView.swift */; };
		274299D21B45CDEF0017795E /* BlurView.swift in Sources */ = {isa = PBXBuildFile; fileRef = 274299B41B45CDEE0017795E /* BlurView.swift */; };
		274299D31B45CDEF0017795E /* DesignableButton.swift in Sources */ = {isa = PBXBuildFile; fileRef = 274299B51B45CDEE0017795E /* DesignableButton.swift */; };
		274299D41B45CDEF0017795E /* DesignableImageView.swift in Sources */ = {isa = PBXBuildFile; fileRef = 274299B61B45CDEE0017795E /* DesignableImageView.swift */; };
		274299D51B45CDEF0017795E /* DesignableLabel.swift in Sources */ = {isa = PBXBuildFile; fileRef = 274299B71B45CDEE0017795E /* DesignableLabel.swift */; };
		274299D61B45CDEF0017795E /* DesignableTabBarController.swift in Sources */ = {isa = PBXBuildFile; fileRef = 274299B81B45CDEE0017795E /* DesignableTabBarController.swift */; };
		274299D71B45CDEF0017795E /* DesignableTextField.swift in Sources */ = {isa = PBXBuildFile; fileRef = 274299B91B45CDEE0017795E /* DesignableTextField.swift */; };
		274299D81B45CDEF0017795E /* DesignableTextView.swift in Sources */ = {isa = PBXBuildFile; fileRef = 274299BA1B45CDEE0017795E /* DesignableTextView.swift */; };
		274299D91B45CDEF0017795E /* DesignableView.swift in Sources */ = {isa = PBXBuildFile; fileRef = 274299BB1B45CDEF0017795E /* DesignableView.swift */; };
		274299DA1B45CDEF0017795E /* ImageLoader.swift in Sources */ = {isa = PBXBuildFile; fileRef = 274299BC1B45CDEF0017795E /* ImageLoader.swift */; };
		274299DB1B45CDEF0017795E /* Info.plist in Resources */ = {isa = PBXBuildFile; fileRef = 274299BD1B45CDEF0017795E /* Info.plist */; };
		274299DC1B45CDEF0017795E /* KeyboardLayoutConstraint.swift in Sources */ = {isa = PBXBuildFile; fileRef = 274299BE1B45CDEF0017795E /* KeyboardLayoutConstraint.swift */; };
		274299DD1B45CDEF0017795E /* LoadingView.swift in Sources */ = {isa = PBXBuildFile; fileRef = 274299BF1B45CDEF0017795E /* LoadingView.swift */; };
		274299DE1B45CDEF0017795E /* LoadingView.xib in Resources */ = {isa = PBXBuildFile; fileRef = 274299C01B45CDEF0017795E /* LoadingView.xib */; };
		274299DF1B45CDEF0017795E /* Misc.swift in Sources */ = {isa = PBXBuildFile; fileRef = 274299C11B45CDEF0017795E /* Misc.swift */; };
		274299E01B45CDEF0017795E /* SoundPlayer.swift in Sources */ = {isa = PBXBuildFile; fileRef = 274299C21B45CDEF0017795E /* SoundPlayer.swift */; };
		274299E11B45CDEF0017795E /* Spring.swift in Sources */ = {isa = PBXBuildFile; fileRef = 274299C41B45CDEF0017795E /* Spring.swift */; };
		274299E21B45CDEF0017795E /* SpringAnimation.swift in Sources */ = {isa = PBXBuildFile; fileRef = 274299C51B45CDEF0017795E /* SpringAnimation.swift */; };
		274299E31B45CDEF0017795E /* SpringButton.swift in Sources */ = {isa = PBXBuildFile; fileRef = 274299C61B45CDEF0017795E /* SpringButton.swift */; };
		274299E41B45CDEF0017795E /* SpringImageView.swift in Sources */ = {isa = PBXBuildFile; fileRef = 274299C71B45CDEF0017795E /* SpringImageView.swift */; };
		274299E51B45CDEF0017795E /* SpringLabel.swift in Sources */ = {isa = PBXBuildFile; fileRef = 274299C81B45CDEF0017795E /* SpringLabel.swift */; };
		274299E61B45CDEF0017795E /* SpringTextField.swift in Sources */ = {isa = PBXBuildFile; fileRef = 274299C91B45CDEF0017795E /* SpringTextField.swift */; };
		274299E71B45CDEF0017795E /* SpringTextView.swift in Sources */ = {isa = PBXBuildFile; fileRef = 274299CA1B45CDEF0017795E /* SpringTextView.swift */; };
		274299E81B45CDEF0017795E /* SpringView.swift in Sources */ = {isa = PBXBuildFile; fileRef = 274299CB1B45CDEF0017795E /* SpringView.swift */; };
		274299E91B45CDEF0017795E /* TransitionManager.swift in Sources */ = {isa = PBXBuildFile; fileRef = 274299CC1B45CDEF0017795E /* TransitionManager.swift */; };
		274299EA1B45CDEF0017795E /* TransitionZoom.swift in Sources */ = {isa = PBXBuildFile; fileRef = 274299CD1B45CDEF0017795E /* TransitionZoom.swift */; };
		274299EB1B45CDEF0017795E /* UnwindSegue.swift in Sources */ = {isa = PBXBuildFile; fileRef = 274299CE1B45CDEF0017795E /* UnwindSegue.swift */; };
		274299ED1B45CEAF0017795E /* AddContactViewController.swift in Sources */ = {isa = PBXBuildFile; fileRef = 274299EC1B45CEAF0017795E /* AddContactViewController.swift */; };
		274299F01B45E2BF0017795E /* MYRIADPRO-REGULAR.OTF in Resources */ = {isa = PBXBuildFile; fileRef = 274299EF1B45E2BF0017795E /* MYRIADPRO-REGULAR.OTF */; };
/* End PBXBuildFile section */

/* Begin PBXContainerItemProxy section */
		274299781B44C4120017795E /* PBXContainerItemProxy */ = {
			isa = PBXContainerItemProxy;
			containerPortal = 2742995A1B44C4120017795E /* Project object */;
			proxyType = 1;
			remoteGlobalIDString = 274299611B44C4120017795E;
			remoteInfo = Djed;
		};
/* End PBXContainerItemProxy section */

/* Begin PBXFileReference section */
		274299621B44C4120017795E /* Djed.app */ = {isa = PBXFileReference; explicitFileType = wrapper.application; includeInIndex = 0; path = Djed.app; sourceTree = BUILT_PRODUCTS_DIR; };
		274299661B44C4120017795E /* Info.plist */ = {isa = PBXFileReference; lastKnownFileType = text.plist.xml; path = Info.plist; sourceTree = "<group>"; };
		274299671B44C4120017795E /* AppDelegate.swift */ = {isa = PBXFileReference; lastKnownFileType = sourcecode.swift; path = AppDelegate.swift; sourceTree = "<group>"; };
		274299691B44C4120017795E /* ViewController.swift */ = {isa = PBXFileReference; lastKnownFileType = sourcecode.swift; path = ViewController.swift; sourceTree = "<group>"; };
		2742996C1B44C4120017795E /* Base */ = {isa = PBXFileReference; lastKnownFileType = file.storyboard; name = Base; path = Base.lproj/Main.storyboard; sourceTree = "<group>"; };
		2742996E1B44C4120017795E /* Images.xcassets */ = {isa = PBXFileReference; lastKnownFileType = folder.assetcatalog; path = Images.xcassets; sourceTree = "<group>"; };
		274299711B44C4120017795E /* Base */ = {isa = PBXFileReference; lastKnownFileType = file.xib; name = Base; path = Base.lproj/LaunchScreen.xib; sourceTree = "<group>"; };
		274299771B44C4120017795E /* DjedTests.xctest */ = {isa = PBXFileReference; explicitFileType = wrapper.cfbundle; includeInIndex = 0; path = DjedTests.xctest; sourceTree = BUILT_PRODUCTS_DIR; };
		2742997C1B44C4120017795E /* Info.plist */ = {isa = PBXFileReference; lastKnownFileType = text.plist.xml; path = Info.plist; sourceTree = "<group>"; };
		2742997D1B44C4120017795E /* DjedTests.swift */ = {isa = PBXFileReference; lastKnownFileType = sourcecode.swift; path = DjedTests.swift; sourceTree = "<group>"; };
		2742999B1B44D0F00017795E /* MKButton.swift */ = {isa = PBXFileReference; fileEncoding = 4; lastKnownFileType = sourcecode.swift; path = MKButton.swift; sourceTree = "<group>"; };
		2742999C1B44D0F00017795E /* MKColor.swift */ = {isa = PBXFileReference; fileEncoding = 4; lastKnownFileType = sourcecode.swift; path = MKColor.swift; sourceTree = "<group>"; };
		2742999D1B44D0F00017795E /* MKImageView.swift */ = {isa = PBXFileReference; fileEncoding = 4; lastKnownFileType = sourcecode.swift; path = MKImageView.swift; sourceTree = "<group>"; };
		2742999E1B44D0F00017795E /* MKLabel.swift */ = {isa = PBXFileReference; fileEncoding = 4; lastKnownFileType = sourcecode.swift; path = MKLabel.swift; sourceTree = "<group>"; };
		2742999F1B44D0F00017795E /* MKLayer.swift */ = {isa = PBXFileReference; fileEncoding = 4; lastKnownFileType = sourcecode.swift; path = MKLayer.swift; sourceTree = "<group>"; };
		274299A01B44D0F00017795E /* MKTableViewCell.swift */ = {isa = PBXFileReference; fileEncoding = 4; lastKnownFileType = sourcecode.swift; path = MKTableViewCell.swift; sourceTree = "<group>"; };
		274299A11B44D0F00017795E /* MKTextField.swift */ = {isa = PBXFileReference; fileEncoding = 4; lastKnownFileType = sourcecode.swift; path = MKTextField.swift; sourceTree = "<group>"; };
		274299A91B44D3AE0017795E /* KKFloatingActionButton.swift */ = {isa = PBXFileReference; fileEncoding = 4; lastKnownFileType = sourcecode.swift; path = KKFloatingActionButton.swift; sourceTree = "<group>"; };
		274299AC1B44F1230017795E /* FloatingTableViewCell.xib */ = {isa = PBXFileReference; fileEncoding = 4; lastKnownFileType = file.xib; path = FloatingTableViewCell.xib; sourceTree = "<group>"; };
		274299AE1B44FDC20017795E /* FloatTableViewCell.swift */ = {isa = PBXFileReference; fileEncoding = 4; lastKnownFileType = sourcecode.swift; path = FloatTableViewCell.swift; sourceTree = "<group>"; };
		274299B11B45CDEE0017795E /* AsyncButton.swift */ = {isa = PBXFileReference; fileEncoding = 4; lastKnownFileType = sourcecode.swift; path = AsyncButton.swift; sourceTree = "<group>"; };
		274299B21B45CDEE0017795E /* AsyncImageView.swift */ = {isa = PBXFileReference; fileEncoding = 4; lastKnownFileType = sourcecode.swift; path = AsyncImageView.swift; sourceTree = "<group>"; };
		274299B31B45CDEE0017795E /* AutoTextView.swift */ = {isa = PBXFileReference; fileEncoding = 4; lastKnownFileType = sourcecode.swift; path = AutoTextView.swift; sourceTree = "<group>"; };
		274299B41B45CDEE0017795E /* BlurView.swift */ = {isa = PBXFileReference; fileEncoding = 4; lastKnownFileType = sourcecode.swift; path = BlurView.swift; sourceTree = "<group>"; };
		274299B51B45CDEE0017795E /* DesignableButton.swift */ = {isa = PBXFileReference; fileEncoding = 4; lastKnownFileType = sourcecode.swift; path = DesignableButton.swift; sourceTree = "<group>"; };
		274299B61B45CDEE0017795E /* DesignableImageView.swift */ = {isa = PBXFileReference; fileEncoding = 4; lastKnownFileType = sourcecode.swift; path = DesignableImageView.swift; sourceTree = "<group>"; };
		274299B71B45CDEE0017795E /* DesignableLabel.swift */ = {isa = PBXFileReference; fileEncoding = 4; lastKnownFileType = sourcecode.swift; path = DesignableLabel.swift; sourceTree = "<group>"; };
		274299B81B45CDEE0017795E /* DesignableTabBarController.swift */ = {isa = PBXFileReference; fileEncoding = 4; lastKnownFileType = sourcecode.swift; path = DesignableTabBarController.swift; sourceTree = "<group>"; };
		274299B91B45CDEE0017795E /* DesignableTextField.swift */ = {isa = PBXFileReference; fileEncoding = 4; lastKnownFileType = sourcecode.swift; path = DesignableTextField.swift; sourceTree = "<group>"; };
		274299BA1B45CDEE0017795E /* DesignableTextView.swift */ = {isa = PBXFileReference; fileEncoding = 4; lastKnownFileType = sourcecode.swift; path = DesignableTextView.swift; sourceTree = "<group>"; };
		274299BB1B45CDEF0017795E /* DesignableView.swift */ = {isa = PBXFileReference; fileEncoding = 4; lastKnownFileType = sourcecode.swift; path = DesignableView.swift; sourceTree = "<group>"; };
		274299BC1B45CDEF0017795E /* ImageLoader.swift */ = {isa = PBXFileReference; fileEncoding = 4; lastKnownFileType = sourcecode.swift; path = ImageLoader.swift; sourceTree = "<group>"; };
		274299BD1B45CDEF0017795E /* Info.plist */ = {isa = PBXFileReference; fileEncoding = 4; lastKnownFileType = text.plist.xml; path = Info.plist; sourceTree = "<group>"; };
		274299BE1B45CDEF0017795E /* KeyboardLayoutConstraint.swift */ = {isa = PBXFileReference; fileEncoding = 4; lastKnownFileType = sourcecode.swift; path = KeyboardLayoutConstraint.swift; sourceTree = "<group>"; };
		274299BF1B45CDEF0017795E /* LoadingView.swift */ = {isa = PBXFileReference; fileEncoding = 4; lastKnownFileType = sourcecode.swift; path = LoadingView.swift; sourceTree = "<group>"; };
		274299C01B45CDEF0017795E /* LoadingView.xib */ = {isa = PBXFileReference; fileEncoding = 4; lastKnownFileType = file.xib; path = LoadingView.xib; sourceTree = "<group>"; };
		274299C11B45CDEF0017795E /* Misc.swift */ = {isa = PBXFileReference; fileEncoding = 4; lastKnownFileType = sourcecode.swift; path = Misc.swift; sourceTree = "<group>"; };
		274299C21B45CDEF0017795E /* SoundPlayer.swift */ = {isa = PBXFileReference; fileEncoding = 4; lastKnownFileType = sourcecode.swift; path = SoundPlayer.swift; sourceTree = "<group>"; };
		274299C31B45CDEF0017795E /* Spring.h */ = {isa = PBXFileReference; fileEncoding = 4; lastKnownFileType = sourcecode.c.h; path = Spring.h; sourceTree = "<group>"; };
		274299C41B45CDEF0017795E /* Spring.swift */ = {isa = PBXFileReference; fileEncoding = 4; lastKnownFileType = sourcecode.swift; path = Spring.swift; sourceTree = "<group>"; };
		274299C51B45CDEF0017795E /* SpringAnimation.swift */ = {isa = PBXFileReference; fileEncoding = 4; lastKnownFileType = sourcecode.swift; path = SpringAnimation.swift; sourceTree = "<group>"; };
		274299C61B45CDEF0017795E /* SpringButton.swift */ = {isa = PBXFileReference; fileEncoding = 4; lastKnownFileType = sourcecode.swift; path = SpringButton.swift; sourceTree = "<group>"; };
		274299C71B45CDEF0017795E /* SpringImageView.swift */ = {isa = PBXFileReference; fileEncoding = 4; lastKnownFileType = sourcecode.swift; path = SpringImageView.swift; sourceTree = "<group>"; };
		274299C81B45CDEF0017795E /* SpringLabel.swift */ = {isa = PBXFileReference; fileEncoding = 4; lastKnownFileType = sourcecode.swift; path = SpringLabel.swift; sourceTree = "<group>"; };
		274299C91B45CDEF0017795E /* SpringTextField.swift */ = {isa = PBXFileReference; fileEncoding = 4; lastKnownFileType = sourcecode.swift; path = SpringTextField.swift; sourceTree = "<group>"; };
		274299CA1B45CDEF0017795E /* SpringTextView.swift */ = {isa = PBXFileReference; fileEncoding = 4; lastKnownFileType = sourcecode.swift; path = SpringTextView.swift; sourceTree = "<group>"; };
		274299CB1B45CDEF0017795E /* SpringView.swift */ = {isa = PBXFileReference; fileEncoding = 4; lastKnownFileType = sourcecode.swift; path = SpringView.swift; sourceTree = "<group>"; };
		274299CC1B45CDEF0017795E /* TransitionManager.swift */ = {isa = PBXFileReference; fileEncoding = 4; lastKnownFileType = sourcecode.swift; path = TransitionManager.swift; sourceTree = "<group>"; };
		274299CD1B45CDEF0017795E /* TransitionZoom.swift */ = {isa = PBXFileReference; fileEncoding = 4; lastKnownFileType = sourcecode.swift; path = TransitionZoom.swift; sourceTree = "<group>"; };
		274299CE1B45CDEF0017795E /* UnwindSegue.swift */ = {isa = PBXFileReference; fileEncoding = 4; lastKnownFileType = sourcecode.swift; path = UnwindSegue.swift; sourceTree = "<group>"; };
		274299EC1B45CEAF0017795E /* AddContactViewController.swift */ = {isa = PBXFileReference; fileEncoding = 4; lastKnownFileType = sourcecode.swift; path = AddContactViewController.swift; sourceTree = "<group>"; };
		274299EF1B45E2BF0017795E /* MYRIADPRO-REGULAR.OTF */ = {isa = PBXFileReference; lastKnownFileType = file; path = "MYRIADPRO-REGULAR.OTF"; sourceTree = "<group>"; };
/* End PBXFileReference section */

/* Begin PBXFrameworksBuildPhase section */
		2742995F1B44C4120017795E /* Frameworks */ = {
			isa = PBXFrameworksBuildPhase;
			buildActionMask = 2147483647;
			files = (
			);
			runOnlyForDeploymentPostprocessing = 0;
		};
		274299741B44C4120017795E /* Frameworks */ = {
			isa = PBXFrameworksBuildPhase;
			buildActionMask = 2147483647;
			files = (
			);
			runOnlyForDeploymentPostprocessing = 0;
		};
/* End PBXFrameworksBuildPhase section */

/* Begin PBXGroup section */
		274299591B44C4120017795E = {
			isa = PBXGroup;
			children = (
				274299641B44C4120017795E /* Djed */,
				2742997A1B44C4120017795E /* DjedTests */,
				274299631B44C4120017795E /* Products */,
			);
			sourceTree = "<group>";
		};
		274299631B44C4120017795E /* Products */ = {
			isa = PBXGroup;
			children = (
				274299621B44C4120017795E /* Djed.app */,
				274299771B44C4120017795E /* DjedTests.xctest */,
			);
			name = Products;
			sourceTree = "<group>";
		};
		274299641B44C4120017795E /* Djed */ = {
			isa = PBXGroup;
			children = (
				274299EE1B45E2AA0017795E /* Fonts  */,
				274299B01B45CDEE0017795E /* Spring */,
				274299AB1B44F0F60017795E /* FloatinAction */,
				2742999A1B44D0F00017795E /* Source */,
				274299671B44C4120017795E /* AppDelegate.swift */,
				274299691B44C4120017795E /* ViewController.swift */,
				2742996B1B44C4120017795E /* Main.storyboard */,
				2742996E1B44C4120017795E /* Images.xcassets */,
				274299701B44C4120017795E /* LaunchScreen.xib */,
				274299651B44C4120017795E /* Supporting Files */,
				274299A91B44D3AE0017795E /* KKFloatingActionButton.swift */,
				274299EC1B45CEAF0017795E /* AddContactViewController.swift */,
			);
			path = Djed;
			sourceTree = "<group>";
		};
		274299651B44C4120017795E /* Supporting Files */ = {
			isa = PBXGroup;
			children = (
				274299661B44C4120017795E /* Info.plist */,
			);
			name = "Supporting Files";
			sourceTree = "<group>";
		};
		2742997A1B44C4120017795E /* DjedTests */ = {
			isa = PBXGroup;
			children = (
				2742997D1B44C4120017795E /* DjedTests.swift */,
				2742997B1B44C4120017795E /* Supporting Files */,
			);
			path = DjedTests;
			sourceTree = "<group>";
		};
		2742997B1B44C4120017795E /* Supporting Files */ = {
			isa = PBXGroup;
			children = (
				2742997C1B44C4120017795E /* Info.plist */,
			);
			name = "Supporting Files";
			sourceTree = "<group>";
		};
		2742999A1B44D0F00017795E /* Source */ = {
			isa = PBXGroup;
			children = (
				2742999B1B44D0F00017795E /* MKButton.swift */,
				2742999C1B44D0F00017795E /* MKColor.swift */,
				2742999D1B44D0F00017795E /* MKImageView.swift */,
				2742999E1B44D0F00017795E /* MKLabel.swift */,
				2742999F1B44D0F00017795E /* MKLayer.swift */,
				274299A01B44D0F00017795E /* MKTableViewCell.swift */,
				274299A11B44D0F00017795E /* MKTextField.swift */,
			);
			path = Source;
			sourceTree = "<group>";
		};
		274299AB1B44F0F60017795E /* FloatinAction */ = {
			isa = PBXGroup;
			children = (
				274299AC1B44F1230017795E /* FloatingTableViewCell.xib */,
				274299AE1B44FDC20017795E /* FloatTableViewCell.swift */,
			);
			name = FloatinAction;
			sourceTree = "<group>";
		};
		274299B01B45CDEE0017795E /* Spring */ = {
			isa = PBXGroup;
			children = (
				274299B11B45CDEE0017795E /* AsyncButton.swift */,
				274299B21B45CDEE0017795E /* AsyncImageView.swift */,
				274299B31B45CDEE0017795E /* AutoTextView.swift */,
				274299B41B45CDEE0017795E /* BlurView.swift */,
				274299B51B45CDEE0017795E /* DesignableButton.swift */,
				274299B61B45CDEE0017795E /* DesignableImageView.swift */,
				274299B71B45CDEE0017795E /* DesignableLabel.swift */,
				274299B81B45CDEE0017795E /* DesignableTabBarController.swift */,
				274299B91B45CDEE0017795E /* DesignableTextField.swift */,
				274299BA1B45CDEE0017795E /* DesignableTextView.swift */,
				274299BB1B45CDEF0017795E /* DesignableView.swift */,
				274299BC1B45CDEF0017795E /* ImageLoader.swift */,
				274299BD1B45CDEF0017795E /* Info.plist */,
				274299BE1B45CDEF0017795E /* KeyboardLayoutConstraint.swift */,
				274299BF1B45CDEF0017795E /* LoadingView.swift */,
				274299C01B45CDEF0017795E /* LoadingView.xib */,
				274299C11B45CDEF0017795E /* Misc.swift */,
				274299C21B45CDEF0017795E /* SoundPlayer.swift */,
				274299C31B45CDEF0017795E /* Spring.h */,
				274299C41B45CDEF0017795E /* Spring.swift */,
				274299C51B45CDEF0017795E /* SpringAnimation.swift */,
				274299C61B45CDEF0017795E /* SpringButton.swift */,
				274299C71B45CDEF0017795E /* SpringImageView.swift */,
				274299C81B45CDEF0017795E /* SpringLabel.swift */,
				274299C91B45CDEF0017795E /* SpringTextField.swift */,
				274299CA1B45CDEF0017795E /* SpringTextView.swift */,
				274299CB1B45CDEF0017795E /* SpringView.swift */,
				274299CC1B45CDEF0017795E /* TransitionManager.swift */,
				274299CD1B45CDEF0017795E /* TransitionZoom.swift */,
				274299CE1B45CDEF0017795E /* UnwindSegue.swift */,
			);
			path = Spring;
			sourceTree = "<group>";
		};
		274299EE1B45E2AA0017795E /* Fonts  */ = {
			isa = PBXGroup;
			children = (
				274299EF1B45E2BF0017795E /* MYRIADPRO-REGULAR.OTF */,
			);
			name = "Fonts ";
			sourceTree = "<group>";
		};
/* End PBXGroup section */

/* Begin PBXNativeTarget section */
		274299611B44C4120017795E /* Djed */ = {
			isa = PBXNativeTarget;
			buildConfigurationList = 274299811B44C4120017795E /* Build configuration list for PBXNativeTarget "Djed" */;
			buildPhases = (
				2742995E1B44C4120017795E /* Sources */,
				2742995F1B44C4120017795E /* Frameworks */,
				274299601B44C4120017795E /* Resources */,
			);
			buildRules = (
			);
			dependencies = (
			);
			name = Djed;
			productName = Djed;
			productReference = 274299621B44C4120017795E /* Djed.app */;
			productType = "com.apple.product-type.application";
		};
		274299761B44C4120017795E /* DjedTests */ = {
			isa = PBXNativeTarget;
			buildConfigurationList = 274299841B44C4120017795E /* Build configuration list for PBXNativeTarget "DjedTests" */;
			buildPhases = (
				274299731B44C4120017795E /* Sources */,
				274299741B44C4120017795E /* Frameworks */,
				274299751B44C4120017795E /* Resources */,
			);
			buildRules = (
			);
			dependencies = (
				274299791B44C4120017795E /* PBXTargetDependency */,
			);
			name = DjedTests;
			productName = DjedTests;
			productReference = 274299771B44C4120017795E /* DjedTests.xctest */;
			productType = "com.apple.product-type.bundle.unit-test";
		};
/* End PBXNativeTarget section */

/* Begin PBXProject section */
		2742995A1B44C4120017795E /* Project object */ = {
			isa = PBXProject;
			attributes = {
				LastUpgradeCheck = 0640;
				ORGANIZATIONNAME = "Kyle Kirkland";
				TargetAttributes = {
					274299611B44C4120017795E = {
						CreatedOnToolsVersion = 6.4;
						DevelopmentTeam = 34UDU57LAY;
					};
					274299761B44C4120017795E = {
						CreatedOnToolsVersion = 6.4;
						TestTargetID = 274299611B44C4120017795E;
					};
				};
			};
			buildConfigurationList = 2742995D1B44C4120017795E /* Build configuration list for PBXProject "Djed" */;
			compatibilityVersion = "Xcode 3.2";
			developmentRegion = English;
			hasScannedForEncodings = 0;
			knownRegions = (
				en,
				Base,
			);
			mainGroup = 274299591B44C4120017795E;
			productRefGroup = 274299631B44C4120017795E /* Products */;
			projectDirPath = "";
			projectRoot = "";
			targets = (
				274299611B44C4120017795E /* Djed */,
				274299761B44C4120017795E /* DjedTests */,
			);
		};
/* End PBXProject section */

/* Begin PBXResourcesBuildPhase section */
		274299601B44C4120017795E /* Resources */ = {
			isa = PBXResourcesBuildPhase;
			buildActionMask = 2147483647;
			files = (
				274299F01B45E2BF0017795E /* MYRIADPRO-REGULAR.OTF in Resources */,
				2742996D1B44C4120017795E /* Main.storyboard in Resources */,
				274299AD1B44F1230017795E /* FloatingTableViewCell.xib in Resources */,
				274299721B44C4120017795E /* LaunchScreen.xib in Resources */,
				274299DE1B45CDEF0017795E /* LoadingView.xib in Resources */,
				274299DB1B45CDEF0017795E /* Info.plist in Resources */,
				2742996F1B44C4120017795E /* Images.xcassets in Resources */,
			);
			runOnlyForDeploymentPostprocessing = 0;
		};
		274299751B44C4120017795E /* Resources */ = {
			isa = PBXResourcesBuildPhase;
			buildActionMask = 2147483647;
			files = (
			);
			runOnlyForDeploymentPostprocessing = 0;
		};
/* End PBXResourcesBuildPhase section */

/* Begin PBXSourcesBuildPhase section */
		2742995E1B44C4120017795E /* Sources */ = {
			isa = PBXSourcesBuildPhase;
			buildActionMask = 2147483647;
			files = (
				274299E71B45CDEF0017795E /* SpringTextView.swift in Sources */,
				274299D61B45CDEF0017795E /* DesignableTabBarController.swift in Sources */,
				274299D01B45CDEF0017795E /* AsyncImageView.swift in Sources */,
				274299A81B44D0F00017795E /* MKTextField.swift in Sources */,
				274299D81B45CDEF0017795E /* DesignableTextView.swift in Sources */,
				274299D21B45CDEF0017795E /* BlurView.swift in Sources */,
				274299DF1B45CDEF0017795E /* Misc.swift in Sources */,
				274299E11B45CDEF0017795E /* Spring.swift in Sources */,
				274299DC1B45CDEF0017795E /* KeyboardLayoutConstraint.swift in Sources */,
				274299E31B45CDEF0017795E /* SpringButton.swift in Sources */,
				274299E81B45CDEF0017795E /* SpringView.swift in Sources */,
				274299AA1B44D3AE0017795E /* KKFloatingActionButton.swift in Sources */,
				274299CF1B45CDEF0017795E /* AsyncButton.swift in Sources */,
				274299A51B44D0F00017795E /* MKLabel.swift in Sources */,
				274299D71B45CDEF0017795E /* DesignableTextField.swift in Sources */,
				274299A21B44D0F00017795E /* MKButton.swift in Sources */,
				274299AF1B44FDC20017795E /* FloatTableViewCell.swift in Sources */,
				274299A41B44D0F00017795E /* MKImageView.swift in Sources */,
				274299D41B45CDEF0017795E /* DesignableImageView.swift in Sources */,
				274299A71B44D0F00017795E /* MKTableViewCell.swift in Sources */,
				274299D91B45CDEF0017795E /* DesignableView.swift in Sources */,
				274299EA1B45CDEF0017795E /* TransitionZoom.swift in Sources */,
				274299DA1B45CDEF0017795E /* ImageLoader.swift in Sources */,
				274299A61B44D0F00017795E /* MKLayer.swift in Sources */,
				274299E21B45CDEF0017795E /* SpringAnimation.swift in Sources */,
				274299E91B45CDEF0017795E /* TransitionManager.swift in Sources */,
				274299EB1B45CDEF0017795E /* UnwindSegue.swift in Sources */,
				274299DD1B45CDEF0017795E /* LoadingView.swift in Sources */,
				274299E41B45CDEF0017795E /* SpringImageView.swift in Sources */,
				274299D31B45CDEF0017795E /* DesignableButton.swift in Sources */,
				274299D11B45CDEF0017795E /* AutoTextView.swift in Sources */,
				274299E01B45CDEF0017795E /* SoundPlayer.swift in Sources */,
				2742996A1B44C4120017795E /* ViewController.swift in Sources */,
				274299681B44C4120017795E /* AppDelegate.swift in Sources */,
				274299D51B45CDEF0017795E /* DesignableLabel.swift in Sources */,
				274299E61B45CDEF0017795E /* SpringTextField.swift in Sources */,
				274299ED1B45CEAF0017795E /* AddContactViewController.swift in Sources */,
				274299A31B44D0F00017795E /* MKColor.swift in Sources */,
				274299E51B45CDEF0017795E /* SpringLabel.swift in Sources */,
			);
			runOnlyForDeploymentPostprocessing = 0;
		};
		274299731B44C4120017795E /* Sources */ = {
			isa = PBXSourcesBuildPhase;
			buildActionMask = 2147483647;
			files = (
				2742997E1B44C4120017795E /* DjedTests.swift in Sources */,
			);
			runOnlyForDeploymentPostprocessing = 0;
		};
/* End PBXSourcesBuildPhase section */

/* Begin PBXTargetDependency section */
		274299791B44C4120017795E /* PBXTargetDependency */ = {
			isa = PBXTargetDependency;
			target = 274299611B44C4120017795E /* Djed */;
			targetProxy = 274299781B44C4120017795E /* PBXContainerItemProxy */;
		};
/* End PBXTargetDependency section */

/* Begin PBXVariantGroup section */
		2742996B1B44C4120017795E /* Main.storyboard */ = {
			isa = PBXVariantGroup;
			children = (
				2742996C1B44C4120017795E /* Base */,
			);
			name = Main.storyboard;
			sourceTree = "<group>";
		};
		274299701B44C4120017795E /* LaunchScreen.xib */ = {
			isa = PBXVariantGroup;
			children = (
				274299711B44C4120017795E /* Base */,
			);
			name = LaunchScreen.xib;
			sourceTree = "<group>";
		};
/* End PBXVariantGroup section */

/* Begin XCBuildConfiguration section */
		2742997F1B44C4120017795E /* Debug */ = {
			isa = XCBuildConfiguration;
			buildSettings = {
				ALWAYS_SEARCH_USER_PATHS = NO;
				CLANG_CXX_LANGUAGE_STANDARD = "gnu++0x";
				CLANG_CXX_LIBRARY = "libc++";
				CLANG_ENABLE_MODULES = YES;
				CLANG_ENABLE_OBJC_ARC = YES;
				CLANG_WARN_BOOL_CONVERSION = YES;
				CLANG_WARN_CONSTANT_CONVERSION = YES;
				CLANG_WARN_DIRECT_OBJC_ISA_USAGE = YES_ERROR;
				CLANG_WARN_EMPTY_BODY = YES;
				CLANG_WARN_ENUM_CONVERSION = YES;
				CLANG_WARN_INT_CONVERSION = YES;
				CLANG_WARN_OBJC_ROOT_CLASS = YES_ERROR;
				CLANG_WARN_UNREACHABLE_CODE = YES;
				CLANG_WARN__DUPLICATE_METHOD_MATCH = YES;
				"CODE_SIGN_IDENTITY[sdk=iphoneos*]" = "iPhone Developer";
				COPY_PHASE_STRIP = NO;
				DEBUG_INFORMATION_FORMAT = "dwarf-with-dsym";
				ENABLE_STRICT_OBJC_MSGSEND = YES;
				GCC_C_LANGUAGE_STANDARD = gnu99;
				GCC_DYNAMIC_NO_PIC = NO;
				GCC_NO_COMMON_BLOCKS = YES;
				GCC_OPTIMIZATION_LEVEL = 0;
				GCC_PREPROCESSOR_DEFINITIONS = (
					"DEBUG=1",
					"$(inherited)",
				);
				GCC_SYMBOLS_PRIVATE_EXTERN = NO;
				GCC_WARN_64_TO_32_BIT_CONVERSION = YES;
				GCC_WARN_ABOUT_RETURN_TYPE = YES_ERROR;
				GCC_WARN_UNDECLARED_SELECTOR = YES;
				GCC_WARN_UNINITIALIZED_AUTOS = YES_AGGRESSIVE;
				GCC_WARN_UNUSED_FUNCTION = YES;
				GCC_WARN_UNUSED_VARIABLE = YES;
				IPHONEOS_DEPLOYMENT_TARGET = 8.4;
				MTL_ENABLE_DEBUG_INFO = YES;
				ONLY_ACTIVE_ARCH = YES;
				PROVISIONING_PROFILE = "";
				SDKROOT = iphoneos;
				SWIFT_OPTIMIZATION_LEVEL = "-Onone";
				TARGETED_DEVICE_FAMILY = "1,2";
			};
			name = Debug;
		};
		274299801B44C4120017795E /* Release */ = {
			isa = XCBuildConfiguration;
			buildSettings = {
				ALWAYS_SEARCH_USER_PATHS = NO;
				CLANG_CXX_LANGUAGE_STANDARD = "gnu++0x";
				CLANG_CXX_LIBRARY = "libc++";
				CLANG_ENABLE_MODULES = YES;
				CLANG_ENABLE_OBJC_ARC = YES;
				CLANG_WARN_BOOL_CONVERSION = YES;
				CLANG_WARN_CONSTANT_CONVERSION = YES;
				CLANG_WARN_DIRECT_OBJC_ISA_USAGE = YES_ERROR;
				CLANG_WARN_EMPTY_BODY = YES;
				CLANG_WARN_ENUM_CONVERSION = YES;
				CLANG_WARN_INT_CONVERSION = YES;
				CLANG_WARN_OBJC_ROOT_CLASS = YES_ERROR;
				CLANG_WARN_UNREACHABLE_CODE = YES;
				CLANG_WARN__DUPLICATE_METHOD_MATCH = YES;
				"CODE_SIGN_IDENTITY[sdk=iphoneos*]" = "iPhone Developer";
				COPY_PHASE_STRIP = NO;
				DEBUG_INFORMATION_FORMAT = "dwarf-with-dsym";
				ENABLE_NS_ASSERTIONS = NO;
				ENABLE_STRICT_OBJC_MSGSEND = YES;
				GCC_C_LANGUAGE_STANDARD = gnu99;
				GCC_NO_COMMON_BLOCKS = YES;
				GCC_WARN_64_TO_32_BIT_CONVERSION = YES;
				GCC_WARN_ABOUT_RETURN_TYPE = YES_ERROR;
				GCC_WARN_UNDECLARED_SELECTOR = YES;
				GCC_WARN_UNINITIALIZED_AUTOS = YES_AGGRESSIVE;
				GCC_WARN_UNUSED_FUNCTION = YES;
				GCC_WARN_UNUSED_VARIABLE = YES;
				IPHONEOS_DEPLOYMENT_TARGET = 8.4;
				MTL_ENABLE_DEBUG_INFO = NO;
				PROVISIONING_PROFILE = "";
				SDKROOT = iphoneos;
				TARGETED_DEVICE_FAMILY = "1,2";
				VALIDATE_PRODUCT = YES;
			};
			name = Release;
		};
		274299821B44C4120017795E /* Debug */ = {
			isa = XCBuildConfiguration;
			buildSettings = {
				ASSETCATALOG_COMPILER_APPICON_NAME = AppIcon;
				CODE_SIGN_IDENTITY = "iPhone Developer";
				"CODE_SIGN_IDENTITY[sdk=iphoneos*]" = "iPhone Developer";
				INFOPLIST_FILE = Djed/Info.plist;
				LD_RUNPATH_SEARCH_PATHS = "$(inherited) @executable_path/Frameworks";
				PRODUCT_NAME = "$(TARGET_NAME)";
				PROVISIONING_PROFILE = "";
			};
			name = Debug;
		};
		274299831B44C4120017795E /* Release */ = {
			isa = XCBuildConfiguration;
			buildSettings = {
				ASSETCATALOG_COMPILER_APPICON_NAME = AppIcon;
				CODE_SIGN_IDENTITY = "iPhone Developer";
				"CODE_SIGN_IDENTITY[sdk=iphoneos*]" = "iPhone Developer";
				INFOPLIST_FILE = Djed/Info.plist;
				LD_RUNPATH_SEARCH_PATHS = "$(inherited) @executable_path/Frameworks";
				PRODUCT_NAME = "$(TARGET_NAME)";
				PROVISIONING_PROFILE = "";
			};
			name = Release;
		};
		274299851B44C4120017795E /* Debug */ = {
			isa = XCBuildConfiguration;
			buildSettings = {
				BUNDLE_LOADER = "$(TEST_HOST)";
				FRAMEWORK_SEARCH_PATHS = (
					"$(SDKROOT)/Developer/Library/Frameworks",
					"$(inherited)",
				);
				GCC_PREPROCESSOR_DEFINITIONS = (
					"DEBUG=1",
					"$(inherited)",
				);
				INFOPLIST_FILE = DjedTests/Info.plist;
				LD_RUNPATH_SEARCH_PATHS = "$(inherited) @executable_path/Frameworks @loader_path/Frameworks";
				PRODUCT_NAME = "$(TARGET_NAME)";
				TEST_HOST = "$(BUILT_PRODUCTS_DIR)/Djed.app/Djed";
			};
			name = Debug;
		};
		274299861B44C4120017795E /* Release */ = {
			isa = XCBuildConfiguration;
			buildSettings = {
				BUNDLE_LOADER = "$(TEST_HOST)";
				FRAMEWORK_SEARCH_PATHS = (
					"$(SDKROOT)/Developer/Library/Frameworks",
					"$(inherited)",
				);
				INFOPLIST_FILE = DjedTests/Info.plist;
				LD_RUNPATH_SEARCH_PATHS = "$(inherited) @executable_path/Frameworks @loader_path/Frameworks";
				PRODUCT_NAME = "$(TARGET_NAME)";
				TEST_HOST = "$(BUILT_PRODUCTS_DIR)/Djed.app/Djed";
			};
			name = Release;
		};
/* End XCBuildConfiguration section */

/* Begin XCConfigurationList section */
		2742995D1B44C4120017795E /* Build configuration list for PBXProject "Djed" */ = {
			isa = XCConfigurationList;
			buildConfigurations = (
				2742997F1B44C4120017795E /* Debug */,
				274299801B44C4120017795E /* Release */,
			);
			defaultConfigurationIsVisible = 0;
			defaultConfigurationName = Release;
		};
		274299811B44C4120017795E /* Build configuration list for PBXNativeTarget "Djed" */ = {
			isa = XCConfigurationList;
			buildConfigurations = (
				274299821B44C4120017795E /* Debug */,
				274299831B44C4120017795E /* Release */,
			);
			defaultConfigurationIsVisible = 0;
			defaultConfigurationName = Release;
		};
		274299841B44C4120017795E /* Build configuration list for PBXNativeTarget "DjedTests" */ = {
			isa = XCConfigurationList;
			buildConfigurations = (
				274299851B44C4120017795E /* Debug */,
				274299861B44C4120017795E /* Release */,
			);
			defaultConfigurationIsVisible = 0;
			defaultConfigurationName = Release;
		};
/* End XCConfigurationList section */
	};
	rootObject = 2742995A1B44C4120017795E /* Project object */;
}
